
Microsoft Visual Studio Solution File, Format Version 12.00
# Visual Studio Version 17
VisualStudioVersion = 17.4.33213.308
MinimumVisualStudioVersion = 10.0.40219.1
Project("{9A19103F-16F7-4668-BE54-9A1E7A4F7556}") = "Cmentarz.DAL", "Cmentarz.DAL\Cmentarz.DAL.csproj", "{8ECE67F0-36FD-43CF-9041-40954210B701}"
EndProject
Project("{9A19103F-16F7-4668-BE54-9A1E7A4F7556}") = "Cmentarz.WEB", "CmentarzWEB\Cmentarz.WEB.csproj", "{E7A322CB-4AB1-4020-8F62-813F2673AAE0}"
EndProject
Project("{9A19103F-16F7-4668-BE54-9A1E7A4F7556}") = "BusinessLogicLayer", "BusinessLogicLayer\BusinessLogicLayer.csproj", "{EFB23D2C-BDD2-474C-8B3D-BCF203BEE25F}"
EndProject
Project("{9A19103F-16F7-4668-BE54-9A1E7A4F7556}") = "Testowanie.Cmenatrz.MVC", "Testowanie.Cmenatrz.MVC\Testowanie.Cmenatrz.MVC.csproj", "{64CD1F1F-229D-4326-9B58-61C96C16A4C5}"
EndProject
Global
	GlobalSection(SolutionConfigurationPlatforms) = preSolution
		Debug|Any CPU = Debug|Any CPU
		Release|Any CPU = Release|Any CPU
	EndGlobalSection
	GlobalSection(ProjectConfigurationPlatforms) = postSolution
		{8ECE67F0-36FD-43CF-9041-40954210B701}.Debug|Any CPU.ActiveCfg = Debug|Any CPU
		{8ECE67F0-36FD-43CF-9041-40954210B701}.Debug|Any CPU.Build.0 = Debug|Any CPU
		{8ECE67F0-36FD-43CF-9041-40954210B701}.Release|Any CPU.ActiveCfg = Release|Any CPU
		{8ECE67F0-36FD-43CF-9041-40954210B701}.Release|Any CPU.Build.0 = Release|Any CPU
		{E7A322CB-4AB1-4020-8F62-813F2673AAE0}.Debug|Any CPU.ActiveCfg = Debug|Any CPU
		{E7A322CB-4AB1-4020-8F62-813F2673AAE0}.Debug|Any CPU.Build.0 = Debug|Any CPU
		{E7A322CB-4AB1-4020-8F62-813F2673AAE0}.Release|Any CPU.ActiveCfg = Release|Any CPU
		{E7A322CB-4AB1-4020-8F62-813F2673AAE0}.Release|Any CPU.Build.0 = Release|Any CPU
		{EFB23D2C-BDD2-474C-8B3D-BCF203BEE25F}.Debug|Any CPU.ActiveCfg = Debug|Any CPU
		{EFB23D2C-BDD2-474C-8B3D-BCF203BEE25F}.Debug|Any CPU.Build.0 = Debug|Any CPU
		{EFB23D2C-BDD2-474C-8B3D-BCF203BEE25F}.Release|Any CPU.ActiveCfg = Release|Any CPU
		{EFB23D2C-BDD2-474C-8B3D-BCF203BEE25F}.Release|Any CPU.Build.0 = Release|Any CPU
		{64CD1F1F-229D-4326-9B58-61C96C16A4C5}.Debug|Any CPU.ActiveCfg = Debug|Any CPU
		{64CD1F1F-229D-4326-9B58-61C96C16A4C5}.Debug|Any CPU.Build.0 = Debug|Any CPU
		{64CD1F1F-229D-4326-9B58-61C96C16A4C5}.Release|Any CPU.ActiveCfg = Release|Any CPU
		{64CD1F1F-229D-4326-9B58-61C96C16A4C5}.Release|Any CPU.Build.0 = Release|Any CPU
	EndGlobalSection
	GlobalSection(SolutionProperties) = preSolution
		HideSolutionNode = FALSE
	EndGlobalSection
	GlobalSection(ExtensibilityGlobals) = postSolution
		SolutionGuid = {ABE14D77-4EB0-40D4-BAA8-833AA2744FAF}
	EndGlobalSection
EndGlobal
